
Microsoft Visual Studio Solution File, Format Version 12.00
# Visual Studio Version 16
VisualStudioVersion = 16.0.29519.87
MinimumVisualStudioVersion = 10.0.40219.1
Project("{FAE04EC0-301F-11D3-BF4B-00C04F79EFBC}") = "web-api", "web-api\web-api.csproj", "{39CB9E19-0069-4404-B3BF-4FB79E3E38BD}"
EndProject
Project("{FAE04EC0-301F-11D3-BF4B-00C04F79EFBC}") = "web-api-tests", "web-api-tests\web-api-tests.csproj", "{1745BC82-3BD5-40B6-8B3C-EE430CF242DF}"
EndProject
Global
	GlobalSection(SolutionConfigurationPlatforms) = preSolution
		Debug|Any CPU = Debug|Any CPU
		Release|Any CPU = Release|Any CPU
	EndGlobalSection
	GlobalSection(ProjectConfigurationPlatforms) = postSolution
		{39CB9E19-0069-4404-B3BF-4FB79E3E38BD}.Debug|Any CPU.ActiveCfg = Debug|Any CPU
		{39CB9E19-0069-4404-B3BF-4FB79E3E38BD}.Debug|Any CPU.Build.0 = Debug|Any CPU
		{39CB9E19-0069-4404-B3BF-4FB79E3E38BD}.Release|Any CPU.ActiveCfg = Release|Any CPU
		{39CB9E19-0069-4404-B3BF-4FB79E3E38BD}.Release|Any CPU.Build.0 = Release|Any CPU
		{1745BC82-3BD5-40B6-8B3C-EE430CF242DF}.Debug|Any CPU.ActiveCfg = Debug|Any CPU
		{1745BC82-3BD5-40B6-8B3C-EE430CF242DF}.Debug|Any CPU.Build.0 = Debug|Any CPU
		{1745BC82-3BD5-40B6-8B3C-EE430CF242DF}.Release|Any CPU.ActiveCfg = Release|Any CPU
		{1745BC82-3BD5-40B6-8B3C-EE430CF242DF}.Release|Any CPU.Build.0 = Release|Any CPU
	EndGlobalSection
	GlobalSection(SolutionProperties) = preSolution
		HideSolutionNode = FALSE
	EndGlobalSection
	GlobalSection(ExtensibilityGlobals) = postSolution
		SolutionGuid = {FA769AC7-98B1-4C15-96B1-E2B394BE8835}
	EndGlobalSection
EndGlobal
